
Microsoft Visual Studio Solution File, Format Version 12.00
# Visual Studio Version 17
VisualStudioVersion = 17.5.002.0
MinimumVisualStudioVersion = 10.0.40219.1
Project("{9A19103F-16F7-4668-BE54-9A1E7A4F7556}") = "PokemonManagingApp.Core", "PokemonManagingApp.Core\PokemonManagingApp.Core.csproj", "{255448B0-F436-452F-9ECE-21699A40C209}"
EndProject
Project("{9A19103F-16F7-4668-BE54-9A1E7A4F7556}") = "PokemonManagingApp.Infrastructure", "PokemonManagingApp.Infrastructure\PokemonManagingApp.Infrastructure.csproj", "{2A9D5117-F372-4E4C-99E8-7D20813550BD}"
EndProject
Project("{9A19103F-16F7-4668-BE54-9A1E7A4F7556}") = "PokemonManagingApp.UseCases", "PokemonManagingApp.UseCases\PokemonManagingApp.UseCases.csproj", "{A50A666F-CD4A-4ECE-ADF6-571D80DB5479}"
EndProject
Project("{9A19103F-16F7-4668-BE54-9A1E7A4F7556}") = "PokemonManagingApp.Web", "PokemonManagingApp.Web\PokemonManagingApp.Web.csproj", "{711E21FB-1107-42E5-8A8B-C59A189960B4}"
EndProject
Global
	GlobalSection(SolutionConfigurationPlatforms) = preSolution
		Debug|Any CPU = Debug|Any CPU
		Release|Any CPU = Release|Any CPU
	EndGlobalSection
	GlobalSection(ProjectConfigurationPlatforms) = postSolution
		{255448B0-F436-452F-9ECE-21699A40C209}.Debug|Any CPU.ActiveCfg = Debug|Any CPU
		{255448B0-F436-452F-9ECE-21699A40C209}.Debug|Any CPU.Build.0 = Debug|Any CPU
		{255448B0-F436-452F-9ECE-21699A40C209}.Release|Any CPU.ActiveCfg = Release|Any CPU
		{255448B0-F436-452F-9ECE-21699A40C209}.Release|Any CPU.Build.0 = Release|Any CPU
		{2A9D5117-F372-4E4C-99E8-7D20813550BD}.Debug|Any CPU.ActiveCfg = Debug|Any CPU
		{2A9D5117-F372-4E4C-99E8-7D20813550BD}.Debug|Any CPU.Build.0 = Debug|Any CPU
		{2A9D5117-F372-4E4C-99E8-7D20813550BD}.Release|Any CPU.ActiveCfg = Release|Any CPU
		{2A9D5117-F372-4E4C-99E8-7D20813550BD}.Release|Any CPU.Build.0 = Release|Any CPU
		{A50A666F-CD4A-4ECE-ADF6-571D80DB5479}.Debug|Any CPU.ActiveCfg = Debug|Any CPU
		{A50A666F-CD4A-4ECE-ADF6-571D80DB5479}.Debug|Any CPU.Build.0 = Debug|Any CPU
		{A50A666F-CD4A-4ECE-ADF6-571D80DB5479}.Release|Any CPU.ActiveCfg = Release|Any CPU
		{A50A666F-CD4A-4ECE-ADF6-571D80DB5479}.Release|Any CPU.Build.0 = Release|Any CPU
		{711E21FB-1107-42E5-8A8B-C59A189960B4}.Debug|Any CPU.ActiveCfg = Debug|Any CPU
		{711E21FB-1107-42E5-8A8B-C59A189960B4}.Debug|Any CPU.Build.0 = Debug|Any CPU
		{711E21FB-1107-42E5-8A8B-C59A189960B4}.Release|Any CPU.ActiveCfg = Release|Any CPU
		{711E21FB-1107-42E5-8A8B-C59A189960B4}.Release|Any CPU.Build.0 = Release|Any CPU
	EndGlobalSection
	GlobalSection(SolutionProperties) = preSolution
		HideSolutionNode = FALSE
	EndGlobalSection
	GlobalSection(ExtensibilityGlobals) = postSolution
		SolutionGuid = {702476D8-7B58-4B34-8524-17BADC922487}
	EndGlobalSection
EndGlobal
